
Microsoft Visual Studio Solution File, Format Version 12.00
# Visual Studio Version 16
VisualStudioVersion = 16.0.31829.152
MinimumVisualStudioVersion = 10.0.40219.1
Project("{FAE04EC0-301F-11D3-BF4B-00C04F79EFBC}") = "MusicPlayer", "MusicPlayer\MusicPlayer.csproj", "{FCF890DF-BB4B-4E51-B397-22CD837A1A3A}"
EndProject
Global
	GlobalSection(SolutionConfigurationPlatforms) = preSolution
		Debug|Any CPU = Debug|Any CPU
		Release|Any CPU = Release|Any CPU
	EndGlobalSection
	GlobalSection(ProjectConfigurationPlatforms) = postSolution
		{FCF890DF-BB4B-4E51-B397-22CD837A1A3A}.Debug|Any CPU.ActiveCfg = Debug|Any CPU
		{FCF890DF-BB4B-4E51-B397-22CD837A1A3A}.Debug|Any CPU.Build.0 = Debug|Any CPU
		{FCF890DF-BB4B-4E51-B397-22CD837A1A3A}.Release|Any CPU.ActiveCfg = Release|Any CPU
		{FCF890DF-BB4B-4E51-B397-22CD837A1A3A}.Release|Any CPU.Build.0 = Release|Any CPU
	EndGlobalSection
	GlobalSection(SolutionProperties) = preSolution
		HideSolutionNode = FALSE
	EndGlobalSection
	GlobalSection(ExtensibilityGlobals) = postSolution
		SolutionGuid = {607F2587-A013-4CC4-B3F5-3F934864EDF5}
	EndGlobalSection
EndGlobal
